hash: 826f21d25bd84db0fa620b93d26557b09d854efa59d16daf98b62912b52622dd
updated: 2016-09-01T12:38:24.049776543-05:00
imports:
- name: github.com/libgit2/git2go
  version: 241aa34d83b210ceaab7029c46e05794f2ea9797
- name: github.com/urfave/cli
  version: a14d7d367bc02b1f57d88de97926727f2d936387
- name: gopkg.in/urfave/cli.v2
  version: c72728f42438425ffcd487986936357e17ebba3f
testImports:
- name: github.com/davecgh/go-spew
  version: 2df174808ee097f90d259e432cc04442cf60be21
  subpackages:
  - spew
- name: github.com/pmezard/go-difflib
  version: d8ed2627bdf02c080bf22230dbb337003b7aba2d
  subpackages:
  - difflib
- name: github.com/stretchr/testify
  version: f390dcf405f7b83c997eac1b06768bb9f44dec18
  subpackages:
  - assert
  - require
